// !$*UTF8*$!
{
	archiveVersion = 1;
	classes = {
	};
	objectVersion = 50;
	objects = {

/* Begin PBXBuildFile section */
		8E12DE392401201000B32454 /* XDPagesValueLock.m in Sources */ = {isa = PBXBuildFile; fileRef = 8E12DE382401201000B32454 /* XDPagesValueLock.m */; };
		8E51FF9B23F5758A00DC5B2B /* AppDelegate.m in Sources */ = {isa = PBXBuildFile; fileRef = 8E51FF9A23F5758A00DC5B2B /* AppDelegate.m */; };
		8E51FFA123F5758A00DC5B2B /* ViewController.m in Sources */ = {isa = PBXBuildFile; fileRef = 8E51FFA023F5758A00DC5B2B /* ViewController.m */; };
		8E51FFA623F5758C00DC5B2B /* Assets.xcassets in Resources */ = {isa = PBXBuildFile; fileRef = 8E51FFA523F5758C00DC5B2B /* Assets.xcassets */; };
		8E51FFAC23F5758C00DC5B2B /* main.m in Sources */ = {isa = PBXBuildFile; fileRef = 8E51FFAB23F5758C00DC5B2B /* main.m */; };
		8E51FFB823F5769000DC5B2B /* XDPagesTable.m in Sources */ = {isa = PBXBuildFile; fileRef = 8E51FFB723F5769000DC5B2B /* XDPagesTable.m */; };
		8E51FFBB23F5771900DC5B2B /* XDPagesView.m in Sources */ = {isa = PBXBuildFile; fileRef = 8E51FFBA23F5771900DC5B2B /* XDPagesView.m */; };
		8E51FFBE23F5878800DC5B2B /* XDPagesCell.m in Sources */ = {isa = PBXBuildFile; fileRef = 8E51FFBD23F5878800DC5B2B /* XDPagesCell.m */; };
		8E5F5D39241B1BEA001EE437 /* LaunchScreen.storyboard in Resources */ = {isa = PBXBuildFile; fileRef = 8E5F5D38241B1BEA001EE437 /* LaunchScreen.storyboard */; };
		8EB1202C23F8E7880090A112 /* XDPagesMap.m in Sources */ = {isa = PBXBuildFile; fileRef = 8EB1202B23F8E7880090A112 /* XDPagesMap.m */; };
		8EB1202F23F8E7A10090A112 /* XDPagesNode.m in Sources */ = {isa = PBXBuildFile; fileRef = 8EB1202E23F8E7A10090A112 /* XDPagesNode.m */; };
		8EB1203223F8FAF40090A112 /* XDPagesCache.m in Sources */ = {isa = PBXBuildFile; fileRef = 8EB1203123F8FAF40090A112 /* XDPagesCache.m */; };
		8EB1203523F9407E0090A112 /* XDPagesTools.m in Sources */ = {isa = PBXBuildFile; fileRef = 8EB1203423F9407E0090A112 /* XDPagesTools.m */; };
		8EB1203823FA06A50090A112 /* Page_1.m in Sources */ = {isa = PBXBuildFile; fileRef = 8EB1203723FA06A50090A112 /* Page_1.m */; };
		8EC162BA240A2CBA00DAA658 /* XDPagesTitleBar.m in Sources */ = {isa = PBXBuildFile; fileRef = 8EC162B9240A2CBA00DAA658 /* XDPagesTitleBar.m */; };
		8EC162BD240A2CF900DAA658 /* XDPagesLayout.m in Sources */ = {isa = PBXBuildFile; fileRef = 8EC162BC240A2CF900DAA658 /* XDPagesLayout.m */; };
		8EC162C0240A328600DAA658 /* XDPagesTitle.m in Sources */ = {isa = PBXBuildFile; fileRef = 8EC162BF240A328600DAA658 /* XDPagesTitle.m */; };
		8EC162C3240A4E0F00DAA658 /* XDPagesConfig.m in Sources */ = {isa = PBXBuildFile; fileRef = 8EC162C2240A4E0F00DAA658 /* XDPagesConfig.m */; };
		8EC162C6240DEA6C00DAA658 /* Page_2.m in Sources */ = {isa = PBXBuildFile; fileRef = 8EC162C5240DEA6C00DAA658 /* Page_2.m */; };
		8EC162C9240DEB2500DAA658 /* Page_3.m in Sources */ = {isa = PBXBuildFile; fileRef = 8EC162C8240DEB2500DAA658 /* Page_3.m */; };
		8EC162CC240DF06E00DAA658 /* Page_0.m in Sources */ = {isa = PBXBuildFile; fileRef = 8EC162CB240DF06E00DAA658 /* Page_0.m */; };
		8EC162CF24124F2000DAA658 /* XDSlideEffect.m in Sources */ = {isa = PBXBuildFile; fileRef = 8EC162CE24124F2000DAA658 /* XDSlideEffect.m */; };
		8EC162D224132E9E00DAA658 /* xd_header.jpg in Resources */ = {isa = PBXBuildFile; fileRef = 8EC162D124132E9E00DAA658 /* xd_header.jpg */; };
		8EC162D424132EF200DAA658 /* xd_back.jpg in Resources */ = {isa = PBXBuildFile; fileRef = 8EC162D324132EF200DAA658 /* xd_back.jpg */; };
		8EC162E324148FEC00DAA658 /* VC_Style0.m in Sources */ = {isa = PBXBuildFile; fileRef = 8EC162E224148FEC00DAA658 /* VC_Style0.m */; };
		8EC162E62414900500DAA658 /* VC_Style1.m in Sources */ = {isa = PBXBuildFile; fileRef = 8EC162E52414900500DAA658 /* VC_Style1.m */; };
		8EC162E92414A2FB00DAA658 /* UINavigationBar+handle.m in Sources */ = {isa = PBXBuildFile; fileRef = 8EC162E72414A2FB00DAA658 /* UINavigationBar+handle.m */; };
		8EC162EF2414D5A300DAA658 /* VC_Style2.m in Sources */ = {isa = PBXBuildFile; fileRef = 8EC162EE2414D5A300DAA658 /* VC_Style2.m */; };
		8EC162F22414D5B100DAA658 /* VC_Style3.m in Sources */ = {isa = PBXBuildFile; fileRef = 8EC162F12414D5B100DAA658 /* VC_Style3.m */; };
		8EC162F52414D5BF00DAA658 /* VC_Style4.m in Sources */ = {isa = PBXBuildFile; fileRef = 8EC162F42414D5BF00DAA658 /* VC_Style4.m */; };
		8EC162F82414D8D300DAA658 /* Page_4.m in Sources */ = {isa = PBXBuildFile; fileRef = 8EC162F72414D8D300DAA658 /* Page_4.m */; };
		8EC162FB2414DF3E00DAA658 /* VC_Style5.m in Sources */ = {isa = PBXBuildFile; fileRef = 8EC162FA2414DF3E00DAA658 /* VC_Style5.m */; };
/* End PBXBuildFile section */

/* Begin PBXFileReference section */
		8E12DE372401201000B32454 /* XDPagesValueLock.h */ = {isa = PBXFileReference; lastKnownFileType = sourcecode.c.h; path = XDPagesValueLock.h; sourceTree = "<group>"; };
		8E12DE382401201000B32454 /* XDPagesValueLock.m */ = {isa = PBXFileReference; lastKnownFileType = sourcecode.c.objc; path = XDPagesValueLock.m; sourceTree = "<group>"; };
		8E51FF9623F5758A00DC5B2B /* XDPagesView.app */ = {isa = PBXFileReference; explicitFileType = wrapper.application; includeInIndex = 0; path = XDPagesView.app; sourceTree = BUILT_PRODUCTS_DIR; };
		8E51FF9923F5758A00DC5B2B /* AppDelegate.h */ = {isa = PBXFileReference; lastKnownFileType = sourcecode.c.h; path = AppDelegate.h; sourceTree = "<group>"; };
		8E51FF9A23F5758A00DC5B2B /* AppDelegate.m */ = {isa = PBXFileReference; lastKnownFileType = sourcecode.c.objc; path = AppDelegate.m; sourceTree = "<group>"; };
		8E51FF9F23F5758A00DC5B2B /* ViewController.h */ = {isa = PBXFileReference; lastKnownFileType = sourcecode.c.h; path = ViewController.h; sourceTree = "<group>"; };
		8E51FFA023F5758A00DC5B2B /* ViewController.m */ = {isa = PBXFileReference; lastKnownFileType = sourcecode.c.objc; path = ViewController.m; sourceTree = "<group>"; };
		8E51FFA523F5758C00DC5B2B /* Assets.xcassets */ = {isa = PBXFileReference; lastKnownFileType = folder.assetcatalog; path = Assets.xcassets; sourceTree = "<group>"; };
		8E51FFAA23F5758C00DC5B2B /* Info.plist */ = {isa = PBXFileReference; lastKnownFileType = text.plist.xml; path = Info.plist; sourceTree = "<group>"; };
		8E51FFAB23F5758C00DC5B2B /* main.m */ = {isa = PBXFileReference; lastKnownFileType = sourcecode.c.objc; path = main.m; sourceTree = "<group>"; };
		8E51FFB623F5769000DC5B2B /* XDPagesTable.h */ = {isa = PBXFileReference; lastKnownFileType = sourcecode.c.h; path = XDPagesTable.h; sourceTree = "<group>"; };
		8E51FFB723F5769000DC5B2B /* XDPagesTable.m */ = {isa = PBXFileReference; lastKnownFileType = sourcecode.c.objc; path = XDPagesTable.m; sourceTree = "<group>"; };
		8E51FFB923F5771900DC5B2B /* XDPagesView.h */ = {isa = PBXFileReference; lastKnownFileType = sourcecode.c.h; path = XDPagesView.h; sourceTree = "<group>"; };
		8E51FFBA23F5771900DC5B2B /* XDPagesView.m */ = {isa = PBXFileReference; lastKnownFileType = sourcecode.c.objc; path = XDPagesView.m; sourceTree = "<group>"; };
		8E51FFBC23F5878800DC5B2B /* XDPagesCell.h */ = {isa = PBXFileReference; lastKnownFileType = sourcecode.c.h; path = XDPagesCell.h; sourceTree = "<group>"; };
		8E51FFBD23F5878800DC5B2B /* XDPagesCell.m */ = {isa = PBXFileReference; lastKnownFileType = sourcecode.c.objc; path = XDPagesCell.m; sourceTree = "<group>"; };
		8E5F5D38241B1BEA001EE437 /* LaunchScreen.storyboard */ = {isa = PBXFileReference; fileEncoding = 4; lastKnownFileType = file.storyboard; path = LaunchScreen.storyboard; sourceTree = "<group>"; };
		8EB1202A23F8E7880090A112 /* XDPagesMap.h */ = {isa = PBXFileReference; lastKnownFileType = sourcecode.c.h; path = XDPagesMap.h; sourceTree = "<group>"; };
		8EB1202B23F8E7880090A112 /* XDPagesMap.m */ = {isa = PBXFileReference; lastKnownFileType = sourcecode.c.objc; path = XDPagesMap.m; sourceTree = "<group>"; };
		8EB1202D23F8E7A10090A112 /* XDPagesNode.h */ = {isa = PBXFileReference; lastKnownFileType = sourcecode.c.h; path = XDPagesNode.h; sourceTree = "<group>"; };
		8EB1202E23F8E7A10090A112 /* XDPagesNode.m */ = {isa = PBXFileReference; lastKnownFileType = sourcecode.c.objc; path = XDPagesNode.m; sourceTree = "<group>"; };
		8EB1203023F8FAF40090A112 /* XDPagesCache.h */ = {isa = PBXFileReference; lastKnownFileType = sourcecode.c.h; path = XDPagesCache.h; sourceTree = "<group>"; };
		8EB1203123F8FAF40090A112 /* XDPagesCache.m */ = {isa = PBXFileReference; lastKnownFileType = sourcecode.c.objc; path = XDPagesCache.m; sourceTree = "<group>"; };
		8EB1203323F9407E0090A112 /* XDPagesTools.h */ = {isa = PBXFileReference; lastKnownFileType = sourcecode.c.h; path = XDPagesTools.h; sourceTree = "<group>"; };
		8EB1203423F9407E0090A112 /* XDPagesTools.m */ = {isa = PBXFileReference; lastKnownFileType = sourcecode.c.objc; path = XDPagesTools.m; sourceTree = "<group>"; };
		8EB1203623FA06A50090A112 /* Page_1.h */ = {isa = PBXFileReference; lastKnownFileType = sourcecode.c.h; path = Page_1.h; sourceTree = "<group>"; };
		8EB1203723FA06A50090A112 /* Page_1.m */ = {isa = PBXFileReference; lastKnownFileType = sourcecode.c.objc; path = Page_1.m; sourceTree = "<group>"; };
		8EC162B8240A2CBA00DAA658 /* XDPagesTitleBar.h */ = {isa = PBXFileReference; lastKnownFileType = sourcecode.c.h; path = XDPagesTitleBar.h; sourceTree = "<group>"; };
		8EC162B9240A2CBA00DAA658 /* XDPagesTitleBar.m */ = {isa = PBXFileReference; lastKnownFileType = sourcecode.c.objc; path = XDPagesTitleBar.m; sourceTree = "<group>"; };
		8EC162BB240A2CF900DAA658 /* XDPagesLayout.h */ = {isa = PBXFileReference; lastKnownFileType = sourcecode.c.h; path = XDPagesLayout.h; sourceTree = "<group>"; };
		8EC162BC240A2CF900DAA658 /* XDPagesLayout.m */ = {isa = PBXFileReference; lastKnownFileType = sourcecode.c.objc; path = XDPagesLayout.m; sourceTree = "<group>"; };
		8EC162BE240A328600DAA658 /* XDPagesTitle.h */ = {isa = PBXFileReference; lastKnownFileType = sourcecode.c.h; path = XDPagesTitle.h; sourceTree = "<group>"; };
		8EC162BF240A328600DAA658 /* XDPagesTitle.m */ = {isa = PBXFileReference; lastKnownFileType = sourcecode.c.objc; path = XDPagesTitle.m; sourceTree = "<group>"; };
		8EC162C1240A4E0F00DAA658 /* XDPagesConfig.h */ = {isa = PBXFileReference; lastKnownFileType = sourcecode.c.h; path = XDPagesConfig.h; sourceTree = "<group>"; };
		8EC162C2240A4E0F00DAA658 /* XDPagesConfig.m */ = {isa = PBXFileReference; lastKnownFileType = sourcecode.c.objc; path = XDPagesConfig.m; sourceTree = "<group>"; };
		8EC162C4240DEA6C00DAA658 /* Page_2.h */ = {isa = PBXFileReference; lastKnownFileType = sourcecode.c.h; path = Page_2.h; sourceTree = "<group>"; };
		8EC162C5240DEA6C00DAA658 /* Page_2.m */ = {isa = PBXFileReference; lastKnownFileType = sourcecode.c.objc; path = Page_2.m; sourceTree = "<group>"; };
		8EC162C7240DEB2500DAA658 /* Page_3.h */ = {isa = PBXFileReference; lastKnownFileType = sourcecode.c.h; path = Page_3.h; sourceTree = "<group>"; };
		8EC162C8240DEB2500DAA658 /* Page_3.m */ = {isa = PBXFileReference; lastKnownFileType = sourcecode.c.objc; path = Page_3.m; sourceTree = "<group>"; };
		8EC162CA240DF06E00DAA658 /* Page_0.h */ = {isa = PBXFileReference; lastKnownFileType = sourcecode.c.h; path = Page_0.h; sourceTree = "<group>"; };
		8EC162CB240DF06E00DAA658 /* Page_0.m */ = {isa = PBXFileReference; lastKnownFileType = sourcecode.c.objc; path = Page_0.m; sourceTree = "<group>"; };
		8EC162CD24124F2000DAA658 /* XDSlideEffect.h */ = {isa = PBXFileReference; lastKnownFileType = sourcecode.c.h; path = XDSlideEffect.h; sourceTree = "<group>"; };
		8EC162CE24124F2000DAA658 /* XDSlideEffect.m */ = {isa = PBXFileReference; lastKnownFileType = sourcecode.c.objc; path = XDSlideEffect.m; sourceTree = "<group>"; };
		8EC162D124132E9E00DAA658 /* xd_header.jpg */ = {isa = PBXFileReference; lastKnownFileType = image.jpeg; path = xd_header.jpg; sourceTree = "<group>"; };
		8EC162D324132EF200DAA658 /* xd_back.jpg */ = {isa = PBXFileReference; lastKnownFileType = image.jpeg; path = xd_back.jpg; sourceTree = "<group>"; };
		8EC162E124148FEC00DAA658 /* VC_Style0.h */ = {isa = PBXFileReference; lastKnownFileType = sourcecode.c.h; path = VC_Style0.h; sourceTree = "<group>"; };
		8EC162E224148FEC00DAA658 /* VC_Style0.m */ = {isa = PBXFileReference; lastKnownFileType = sourcecode.c.objc; path = VC_Style0.m; sourceTree = "<group>"; };
		8EC162E42414900500DAA658 /* VC_Style1.h */ = {isa = PBXFileReference; lastKnownFileType = sourcecode.c.h; path = VC_Style1.h; sourceTree = "<group>"; };
		8EC162E52414900500DAA658 /* VC_Style1.m */ = {isa = PBXFileReference; lastKnownFileType = sourcecode.c.objc; path = VC_Style1.m; sourceTree = "<group>"; };
		8EC162E72414A2FB00DAA658 /* UINavigationBar+handle.m */ = {isa = PBXFileReference; fileEncoding = 4; lastKnownFileType = sourcecode.c.objc; path = "UINavigationBar+handle.m"; sourceTree = "<group>"; };
		8EC162E82414A2FB00DAA658 /* UINavigationBar+handle.h */ = {isa = PBXFileReference; fileEncoding = 4; lastKnownFileType = sourcecode.c.h; path = "UINavigationBar+handle.h"; sourceTree = "<group>"; };
		8EC162ED2414D5A300DAA658 /* VC_Style2.h */ = {isa = PBXFileReference; lastKnownFileType = sourcecode.c.h; path = VC_Style2.h; sourceTree = "<group>"; };
		8EC162EE2414D5A300DAA658 /* VC_Style2.m */ = {isa = PBXFileReference; lastKnownFileType = sourcecode.c.objc; path = VC_Style2.m; sourceTree = "<group>"; };
		8EC162F02414D5B100DAA658 /* VC_Style3.h */ = {isa = PBXFileReference; lastKnownFileType = sourcecode.c.h; path = VC_Style3.h; sourceTree = "<group>"; };
		8EC162F12414D5B100DAA658 /* VC_Style3.m */ = {isa = PBXFileReference; lastKnownFileType = sourcecode.c.objc; path = VC_Style3.m; sourceTree = "<group>"; };
		8EC162F32414D5BF00DAA658 /* VC_Style4.h */ = {isa = PBXFileReference; lastKnownFileType = sourcecode.c.h; path = VC_Style4.h; sourceTree = "<group>"; };
		8EC162F42414D5BF00DAA658 /* VC_Style4.m */ = {isa = PBXFileReference; lastKnownFileType = sourcecode.c.objc; path = VC_Style4.m; sourceTree = "<group>"; };
		8EC162F62414D8D300DAA658 /* Page_4.h */ = {isa = PBXFileReference; lastKnownFileType = sourcecode.c.h; path = Page_4.h; sourceTree = "<group>"; };
		8EC162F72414D8D300DAA658 /* Page_4.m */ = {isa = PBXFileReference; lastKnownFileType = sourcecode.c.objc; path = Page_4.m; sourceTree = "<group>"; };
		8EC162F92414DF3E00DAA658 /* VC_Style5.h */ = {isa = PBXFileReference; lastKnownFileType = sourcecode.c.h; path = VC_Style5.h; sourceTree = "<group>"; };
		8EC162FA2414DF3E00DAA658 /* VC_Style5.m */ = {isa = PBXFileReference; lastKnownFileType = sourcecode.c.objc; path = VC_Style5.m; sourceTree = "<group>"; };
/* End PBXFileReference section */

/* Begin PBXFrameworksBuildPhase section */
		8E51FF9323F5758A00DC5B2B /* Frameworks */ = {
			isa = PBXFrameworksBuildPhase;
			buildActionMask = 2147483647;
			files = (
			);
			runOnlyForDeploymentPostprocessing = 0;
		};
/* End PBXFrameworksBuildPhase section */

/* Begin PBXGroup section */
		8E51FF8D23F5758A00DC5B2B = {
			isa = PBXGroup;
			children = (
				8E51FF9823F5758A00DC5B2B /* Root */,
				8EC162D024132E7400DAA658 /* sources */,
				8EC162E024148E2500DAA658 /* Demo */,
				8E51FFB223F5759900DC5B2B /* XDPagesView */,
				8E51FF9723F5758A00DC5B2B /* Products */,
			);
			sourceTree = "<group>";
		};
		8E51FF9723F5758A00DC5B2B /* Products */ = {
			isa = PBXGroup;
			children = (
				8E51FF9623F5758A00DC5B2B /* XDPagesView.app */,
			);
			name = Products;
			sourceTree = "<group>";
		};
		8E51FF9823F5758A00DC5B2B /* Root */ = {
			isa = PBXGroup;
			children = (
				8E51FF9923F5758A00DC5B2B /* AppDelegate.h */,
				8E51FF9A23F5758A00DC5B2B /* AppDelegate.m */,
				8EC162E82414A2FB00DAA658 /* UINavigationBar+handle.h */,
				8EC162E72414A2FB00DAA658 /* UINavigationBar+handle.m */,
				8E51FF9F23F5758A00DC5B2B /* ViewController.h */,
				8E51FFA023F5758A00DC5B2B /* ViewController.m */,
				8E5F5D38241B1BEA001EE437 /* LaunchScreen.storyboard */,
				8E51FFA523F5758C00DC5B2B /* Assets.xcassets */,
				8E51FFAA23F5758C00DC5B2B /* Info.plist */,
				8E51FFAB23F5758C00DC5B2B /* main.m */,
			);
			path = Root;
			sourceTree = "<group>";
		};
		8E51FFB223F5759900DC5B2B /* XDPagesView */ = {
			isa = PBXGroup;
			children = (
				8E51FFB923F5771900DC5B2B /* XDPagesView.h */,
				8E51FFBA23F5771900DC5B2B /* XDPagesView.m */,
				8EC162C1240A4E0F00DAA658 /* XDPagesConfig.h */,
				8EC162C2240A4E0F00DAA658 /* XDPagesConfig.m */,
				8E51FFBC23F5878800DC5B2B /* XDPagesCell.h */,
				8E51FFBD23F5878800DC5B2B /* XDPagesCell.m */,
				8EB1203023F8FAF40090A112 /* XDPagesCache.h */,
				8EB1203123F8FAF40090A112 /* XDPagesCache.m */,
				8EC162B8240A2CBA00DAA658 /* XDPagesTitleBar.h */,
				8EC162B9240A2CBA00DAA658 /* XDPagesTitleBar.m */,
				8EC162BE240A328600DAA658 /* XDPagesTitle.h */,
				8EC162BF240A328600DAA658 /* XDPagesTitle.m */,
				8EC162BB240A2CF900DAA658 /* XDPagesLayout.h */,
				8EC162BC240A2CF900DAA658 /* XDPagesLayout.m */,
				8EC162CD24124F2000DAA658 /* XDSlideEffect.h */,
				8EC162CE24124F2000DAA658 /* XDSlideEffect.m */,
				8EB1202A23F8E7880090A112 /* XDPagesMap.h */,
				8EB1202B23F8E7880090A112 /* XDPagesMap.m */,
				8EB1202D23F8E7A10090A112 /* XDPagesNode.h */,
				8EB1202E23F8E7A10090A112 /* XDPagesNode.m */,
				8E51FFB623F5769000DC5B2B /* XDPagesTable.h */,
				8E51FFB723F5769000DC5B2B /* XDPagesTable.m */,
				8EB1203323F9407E0090A112 /* XDPagesTools.h */,
				8EB1203423F9407E0090A112 /* XDPagesTools.m */,
				8E12DE372401201000B32454 /* XDPagesValueLock.h */,
				8E12DE382401201000B32454 /* XDPagesValueLock.m */,
			);
			path = XDPagesView;
			sourceTree = "<group>";
		};
		8EC162D024132E7400DAA658 /* sources */ = {
			isa = PBXGroup;
			children = (
				8EC162D324132EF200DAA658 /* xd_back.jpg */,
				8EC162D124132E9E00DAA658 /* xd_header.jpg */,
			);
			path = sources;
			sourceTree = "<group>";
		};
		8EC162E024148E2500DAA658 /* Demo */ = {
			isa = PBXGroup;
			children = (
				8EC162E124148FEC00DAA658 /* VC_Style0.h */,
				8EC162E224148FEC00DAA658 /* VC_Style0.m */,
				8EC162E42414900500DAA658 /* VC_Style1.h */,
				8EC162E52414900500DAA658 /* VC_Style1.m */,
				8EC162ED2414D5A300DAA658 /* VC_Style2.h */,
				8EC162EE2414D5A300DAA658 /* VC_Style2.m */,
				8EC162F02414D5B100DAA658 /* VC_Style3.h */,
				8EC162F12414D5B100DAA658 /* VC_Style3.m */,
				8EC162F32414D5BF00DAA658 /* VC_Style4.h */,
				8EC162F42414D5BF00DAA658 /* VC_Style4.m */,
				8EC162F92414DF3E00DAA658 /* VC_Style5.h */,
				8EC162FA2414DF3E00DAA658 /* VC_Style5.m */,
				8EC162CA240DF06E00DAA658 /* Page_0.h */,
				8EC162CB240DF06E00DAA658 /* Page_0.m */,
				8EB1203623FA06A50090A112 /* Page_1.h */,
				8EB1203723FA06A50090A112 /* Page_1.m */,
				8EC162C4240DEA6C00DAA658 /* Page_2.h */,
				8EC162C5240DEA6C00DAA658 /* Page_2.m */,
				8EC162C7240DEB2500DAA658 /* Page_3.h */,
				8EC162C8240DEB2500DAA658 /* Page_3.m */,
				8EC162F62414D8D300DAA658 /* Page_4.h */,
				8EC162F72414D8D300DAA658 /* Page_4.m */,
			);
			path = Demo;
			sourceTree = "<group>";
		};
/* End PBXGroup section */

/* Begin PBXNativeTarget section */
		8E51FF9523F5758A00DC5B2B /* XDPagesView */ = {
			isa = PBXNativeTarget;
			buildConfigurationList = 8E51FFAF23F5758C00DC5B2B /* Build configuration list for PBXNativeTarget "XDPagesView" */;
			buildPhases = (
				8E51FF9223F5758A00DC5B2B /* Sources */,
				8E51FF9323F5758A00DC5B2B /* Frameworks */,
				8E51FF9423F5758A00DC5B2B /* Resources */,
			);
			buildRules = (
			);
			dependencies = (
			);
			name = XDPagesView;
			productName = XDPagesView;
			productReference = 8E51FF9623F5758A00DC5B2B /* XDPagesView.app */;
			productType = "com.apple.product-type.application";
		};
/* End PBXNativeTarget section */

/* Begin PBXProject section */
		8E51FF8E23F5758A00DC5B2B /* Project object */ = {
			isa = PBXProject;
			attributes = {
				LastUpgradeCheck = 1130;
				ORGANIZATIONNAME = xie;
				TargetAttributes = {
					8E51FF9523F5758A00DC5B2B = {
						CreatedOnToolsVersion = 11.3.1;
					};
				};
			};
			buildConfigurationList = 8E51FF9123F5758A00DC5B2B /* Build configuration list for PBXProject "XDPagesView" */;
			compatibilityVersion = "Xcode 9.3";
			developmentRegion = en;
			hasScannedForEncodings = 0;
			knownRegions = (
				en,
				Base,
			);
			mainGroup = 8E51FF8D23F5758A00DC5B2B;
			productRefGroup = 8E51FF9723F5758A00DC5B2B /* Products */;
			projectDirPath = "";
			projectRoot = "";
			targets = (
				8E51FF9523F5758A00DC5B2B /* XDPagesView */,
			);
		};
/* End PBXProject section */

/* Begin PBXResourcesBuildPhase section */
		8E51FF9423F5758A00DC5B2B /* Resources */ = {
			isa = PBXResourcesBuildPhase;
			buildActionMask = 2147483647;
			files = (
				8EC162D224132E9E00DAA658 /* xd_header.jpg in Resources */,
				8E5F5D39241B1BEA001EE437 /* LaunchScreen.storyboard in Resources */,
				8EC162D424132EF200DAA658 /* xd_back.jpg in Resources */,
				8E51FFA623F5758C00DC5B2B /* Assets.xcassets in Resources */,
			);
			runOnlyForDeploymentPostprocessing = 0;
		};
/* End PBXResourcesBuildPhase section */

/* Begin PBXSourcesBuildPhase section */
		8E51FF9223F5758A00DC5B2B /* Sources */ = {
			isa = PBXSourcesBuildPhase;
			buildActionMask = 2147483647;
			files = (
				8EC162C0240A328600DAA658 /* XDPagesTitle.m in Sources */,
				8EB1203823FA06A50090A112 /* Page_1.m in Sources */,
				8E51FFA123F5758A00DC5B2B /* ViewController.m in Sources */,
				8EC162F82414D8D300DAA658 /* Page_4.m in Sources */,
				8E51FFBB23F5771900DC5B2B /* XDPagesView.m in Sources */,
				8E51FF9B23F5758A00DC5B2B /* AppDelegate.m in Sources */,
				8EC162BD240A2CF900DAA658 /* XDPagesLayout.m in Sources */,
				8EC162C3240A4E0F00DAA658 /* XDPagesConfig.m in Sources */,
				8EC162BA240A2CBA00DAA658 /* XDPagesTitleBar.m in Sources */,
				8EC162E62414900500DAA658 /* VC_Style1.m in Sources */,
				8EC162F52414D5BF00DAA658 /* VC_Style4.m in Sources */,
				8EC162CF24124F2000DAA658 /* XDSlideEffect.m in Sources */,
				8EC162E324148FEC00DAA658 /* VC_Style0.m in Sources */,
				8E12DE392401201000B32454 /* XDPagesValueLock.m in Sources */,
				8E51FFB823F5769000DC5B2B /* XDPagesTable.m in Sources */,
				8EB1202C23F8E7880090A112 /* XDPagesMap.m in Sources */,
				8EC162EF2414D5A300DAA658 /* VC_Style2.m in Sources */,
				8EC162C6240DEA6C00DAA658 /* Page_2.m in Sources */,
				8E51FFAC23F5758C00DC5B2B /* main.m in Sources */,
				8EB1203223F8FAF40090A112 /* XDPagesCache.m in Sources */,
				8EC162CC240DF06E00DAA658 /* Page_0.m in Sources */,
				8EC162C9240DEB2500DAA658 /* Page_3.m in Sources */,
				8EC162FB2414DF3E00DAA658 /* VC_Style5.m in Sources */,
				8EB1202F23F8E7A10090A112 /* XDPagesNode.m in Sources */,
				8EC162E92414A2FB00DAA658 /* UINavigationBar+handle.m in Sources */,
				8E51FFBE23F5878800DC5B2B /* XDPagesCell.m in Sources */,
				8EC162F22414D5B100DAA658 /* VC_Style3.m in Sources */,
				8EB1203523F9407E0090A112 /* XDPagesTools.m in Sources */,
			);
			runOnlyForDeploymentPostprocessing = 0;
		};
/* End PBXSourcesBuildPhase section */

/* Begin XCBuildConfiguration section */
		8E51FFAD23F5758C00DC5B2B /* Debug */ = {
			isa = XCBuildConfiguration;
			buildSettings = {
				ALWAYS_SEARCH_USER_PATHS = NO;
				CLANG_ANALYZER_NONNULL = YES;
				CLANG_ANALYZER_NUMBER_OBJECT_CONVERSION = YES_AGGRESSIVE;
				CLANG_CXX_LANGUAGE_STANDARD = "gnu++14";
				CLANG_CXX_LIBRARY = "libc++";
				CLANG_ENABLE_MODULES = YES;
				CLANG_ENABLE_OBJC_ARC = YES;
				CLANG_ENABLE_OBJC_WEAK = YES;
				CLANG_WARN_BLOCK_CAPTURE_AUTORELEASING = YES;
				CLANG_WARN_BOOL_CONVERSION = YES;
				CLANG_WARN_COMMA = YES;
				CLANG_WARN_CONSTANT_CONVERSION = YES;
				CLANG_WARN_DEPRECATED_OBJC_IMPLEMENTATIONS = YES;
				CLANG_WARN_DIRECT_OBJC_ISA_USAGE = YES_ERROR;
				CLANG_WARN_DOCUMENTATION_COMMENTS = YES;
				CLANG_WARN_EMPTY_BODY = YES;
				CLANG_WARN_ENUM_CONVERSION = YES;
				CLANG_WARN_INFINITE_RECURSION = YES;
				CLANG_WARN_INT_CONVERSION = YES;
				CLANG_WARN_NON_LITERAL_NULL_CONVERSION = YES;
				CLANG_WARN_OBJC_IMPLICIT_RETAIN_SELF = YES;
				CLANG_WARN_OBJC_LITERAL_CONVERSION = YES;
				CLANG_WARN_OBJC_ROOT_CLASS = YES_ERROR;
				CLANG_WARN_RANGE_LOOP_ANALYSIS = YES;
				CLANG_WARN_STRICT_PROTOTYPES = YES;
				CLANG_WARN_SUSPICIOUS_MOVE = YES;
				CLANG_WARN_UNGUARDED_AVAILABILITY = YES_AGGRESSIVE;
				CLANG_WARN_UNREACHABLE_CODE = YES;
				CLANG_WARN__DUPLICATE_METHOD_MATCH = YES;
				COPY_PHASE_STRIP = NO;
				DEBUG_INFORMATION_FORMAT = dwarf;
				ENABLE_STRICT_OBJC_MSGSEND = YES;
				ENABLE_TESTABILITY = YES;
				GCC_C_LANGUAGE_STANDARD = gnu11;
				GCC_DYNAMIC_NO_PIC = NO;
				GCC_NO_COMMON_BLOCKS = YES;
				GCC_OPTIMIZATION_LEVEL = 0;
				GCC_PREPROCESSOR_DEFINITIONS = (
					"DEBUG=1",
					"$(inherited)",
				);
				GCC_WARN_64_TO_32_BIT_CONVERSION = YES;
				GCC_WARN_ABOUT_RETURN_TYPE = YES_ERROR;
				GCC_WARN_UNDECLARED_SELECTOR = YES;
				GCC_WARN_UNINITIALIZED_AUTOS = YES_AGGRESSIVE;
				GCC_WARN_UNUSED_FUNCTION = YES;
				GCC_WARN_UNUSED_VARIABLE = YES;
				IPHONEOS_DEPLOYMENT_TARGET = 10.0;
				MTL_ENABLE_DEBUG_INFO = INCLUDE_SOURCE;
				MTL_FAST_MATH = YES;
				ONLY_ACTIVE_ARCH = YES;
				SDKROOT = iphoneos;
			};
			name = Debug;
		};
		8E51FFAE23F5758C00DC5B2B /* Release */ = {
			isa = XCBuildConfiguration;
			buildSettings = {
				ALWAYS_SEARCH_USER_PATHS = NO;
				CLANG_ANALYZER_NONNULL = YES;
				CLANG_ANALYZER_NUMBER_OBJECT_CONVERSION = YES_AGGRESSIVE;
				CLANG_CXX_LANGUAGE_STANDARD = "gnu++14";
				CLANG_CXX_LIBRARY = "libc++";
				CLANG_ENABLE_MODULES = YES;
				CLANG_ENABLE_OBJC_ARC = YES;
				CLANG_ENABLE_OBJC_WEAK = YES;
				CLANG_WARN_BLOCK_CAPTURE_AUTORELEASING = YES;
				CLANG_WARN_BOOL_CONVERSION = YES;
				CLANG_WARN_COMMA = YES;
				CLANG_WARN_CONSTANT_CONVERSION = YES;
				CLANG_WARN_DEPRECATED_OBJC_IMPLEMENTATIONS = YES;
				CLANG_WARN_DIRECT_OBJC_ISA_USAGE = YES_ERROR;
				CLANG_WARN_DOCUMENTATION_COMMENTS = YES;
				CLANG_WARN_EMPTY_BODY = YES;
				CLANG_WARN_ENUM_CONVERSION = YES;
				CLANG_WARN_INFINITE_RECURSION = YES;
				CLANG_WARN_INT_CONVERSION = YES;
				CLANG_WARN_NON_LITERAL_NULL_CONVERSION = YES;
				CLANG_WARN_OBJC_IMPLICIT_RETAIN_SELF = YES;
				CLANG_WARN_OBJC_LITERAL_CONVERSION = YES;
				CLANG_WARN_OBJC_ROOT_CLASS = YES_ERROR;
				CLANG_WARN_RANGE_LOOP_ANALYSIS = YES;
				CLANG_WARN_STRICT_PROTOTYPES = YES;
				CLANG_WARN_SUSPICIOUS_MOVE = YES;
				CLANG_WARN_UNGUARDED_AVAILABILITY = YES_AGGRESSIVE;
				CLANG_WARN_UNREACHABLE_CODE = YES;
				CLANG_WARN__DUPLICATE_METHOD_MATCH = YES;
				COPY_PHASE_STRIP = NO;
				DEBUG_INFORMATION_FORMAT = "dwarf-with-dsym";
				ENABLE_NS_ASSERTIONS = NO;
				ENABLE_STRICT_OBJC_MSGSEND = YES;
				GCC_C_LANGUAGE_STANDARD = gnu11;
				GCC_NO_COMMON_BLOCKS = YES;
				GCC_WARN_64_TO_32_BIT_CONVERSION = YES;
				GCC_WARN_ABOUT_RETURN_TYPE = YES_ERROR;
				GCC_WARN_UNDECLARED_SELECTOR = YES;
				GCC_WARN_UNINITIALIZED_AUTOS = YES_AGGRESSIVE;
				GCC_WARN_UNUSED_FUNCTION = YES;
				GCC_WARN_UNUSED_VARIABLE = YES;
				IPHONEOS_DEPLOYMENT_TARGET = 10.0;
				MTL_ENABLE_DEBUG_INFO = NO;
				MTL_FAST_MATH = YES;
				SDKROOT = iphoneos;
				VALIDATE_PRODUCT = YES;
			};
			name = Release;
		};
		8E51FFB023F5758C00DC5B2B /* Debug */ = {
			isa = XCBuildConfiguration;
			buildSettings = {
				CODE_SIGN_IDENTITY = "Apple Development";
				CODE_SIGN_STYLE = Automatic;
				DEVELOPMENT_TEAM = 6SALH2H58R;
				INFOPLIST_FILE = Root/Info.plist;
				LD_RUNPATH_SEARCH_PATHS = (
					"$(inherited)",
					"@executable_path/Frameworks",
				);
				PRODUCT_BUNDLE_IDENTIFIER = com.XDPagesView;
				PRODUCT_NAME = "$(TARGET_NAME)";
				PROVISIONING_PROFILE_SPECIFIER = "";
				TARGETED_DEVICE_FAMILY = "1,2";
			};
			name = Debug;
		};
		8E51FFB123F5758C00DC5B2B /* Release */ = {
			isa = XCBuildConfiguration;
			buildSettings = {
				CODE_SIGN_IDENTITY = "Apple Development";
				CODE_SIGN_STYLE = Automatic;
				DEVELOPMENT_TEAM = 6SALH2H58R;
				INFOPLIST_FILE = Root/Info.plist;
				LD_RUNPATH_SEARCH_PATHS = (
					"$(inherited)",
					"@executable_path/Frameworks",
				);
				PRODUCT_BUNDLE_IDENTIFIER = com.XDPagesView;
				PRODUCT_NAME = "$(TARGET_NAME)";
				PROVISIONING_PROFILE_SPECIFIER = "";
				TARGETED_DEVICE_FAMILY = "1,2";
			};
			name = Release;
		};
/* End XCBuildConfiguration section */

/* Begin XCConfigurationList section */
		8E51FF9123F5758A00DC5B2B /* Build configuration list for PBXProject "XDPagesView" */ = {
			isa = XCConfigurationList;
			buildConfigurations = (
				8E51FFAD23F5758C00DC5B2B /* Debug */,
				8E51FFAE23F5758C00DC5B2B /* Release */,
			);
			defaultConfigurationIsVisible = 0;
			defaultConfigurationName = Release;
		};
		8E51FFAF23F5758C00DC5B2B /* Build configuration list for PBXNativeTarget "XDPagesView" */ = {
			isa = XCConfigurationList;
			buildConfigurations = (
				8E51FFB023F5758C00DC5B2B /* Debug */,
				8E51FFB123F5758C00DC5B2B /* Release */,
			);
			defaultConfigurationIsVisible = 0;
			defaultConfigurationName = Release;
		};
/* End XCConfigurationList section */
	};
	rootObject = 8E51FF8E23F5758A00DC5B2B /* Project object */;
}
